
Microsoft Visual Studio Solution File, Format Version 12.00
# Visual Studio Version 17
VisualStudioVersion = 17.14.36327.8 d17.14
MinimumVisualStudioVersion = 10.0.40219.1
Project("{FAE04EC0-301F-11D3-BF4B-00C04F79EFBC}") = "ACID", "ACID\ACID.csproj", "{53177040-6766-48AF-8D27-D0FDCB8449DC}"
EndProject
Global
	GlobalSection(SolutionConfigurationPlatforms) = preSolution
		Debug|Any CPU = Debug|Any CPU
		Release|Any CPU = Release|Any CPU
	EndGlobalSection
	GlobalSection(ProjectConfigurationPlatforms) = postSolution
		{53177040-6766-48AF-8D27-D0FDCB8449DC}.Debug|Any CPU.ActiveCfg = Debug|Any CPU
		{53177040-6766-48AF-8D27-D0FDCB8449DC}.Debug|Any CPU.Build.0 = Debug|Any CPU
		{53177040-6766-48AF-8D27-D0FDCB8449DC}.Release|Any CPU.ActiveCfg = Release|Any CPU
		{53177040-6766-48AF-8D27-D0FDCB8449DC}.Release|Any CPU.Build.0 = Release|Any CPU
	EndGlobalSection
	GlobalSection(SolutionProperties) = preSolution
		HideSolutionNode = FALSE
	EndGlobalSection
	GlobalSection(ExtensibilityGlobals) = postSolution
		SolutionGuid = {CE34CC82-CD89-4332-ABAC-77886A3E65B0}
	EndGlobalSection
EndGlobal
